// !$*UTF8*$!
{
	archiveVersion = 1;
	classes = {
	};
	objectVersion = 55;
	objects = {

/* Begin PBXBuildFile section */
		3458D95C28BD065300C2EBF2 /* Display_A_NumberApp.swift in Sources */ = {isa = PBXBuildFile; fileRef = 3458D95B28BD065300C2EBF2 /* Display_A_NumberApp.swift */; };
		3458D95E28BD065300C2EBF2 /* ContentView.swift in Sources */ = {isa = PBXBuildFile; fileRef = 3458D95D28BD065300C2EBF2 /* ContentView.swift */; };
		3458D96028BD065400C2EBF2 /* Assets.xcassets in Resources */ = {isa = PBXBuildFile; fileRef = 3458D95F28BD065400C2EBF2 /* Assets.xcassets */; };
		3458D96328BD065400C2EBF2 /* Preview Assets.xcassets in Resources */ = {isa = PBXBuildFile; fileRef = 3458D96228BD065400C2EBF2 /* Preview Assets.xcassets */; };
		3458D96D28BD065500C2EBF2 /* Display_A_NumberTests.swift in Sources */ = {isa = PBXBuildFile; fileRef = 3458D96C28BD065400C2EBF2 /* Display_A_NumberTests.swift */; };
		3458D97728BD065500C2EBF2 /* Display_A_NumberUITests.swift in Sources */ = {isa = PBXBuildFile; fileRef = 3458D97628BD065500C2EBF2 /* Display_A_NumberUITests.swift */; };
		3458D97928BD065500C2EBF2 /* Display_A_NumberUITestsLaunchTests.swift in Sources */ = {isa = PBXBuildFile; fileRef = 3458D97828BD065500C2EBF2 /* Display_A_NumberUITestsLaunchTests.swift */; };
/* End PBXBuildFile section */

/* Begin PBXContainerItemProxy section */
		3458D96928BD065400C2EBF2 /* PBXContainerItemProxy */ = {
			isa = PBXContainerItemProxy;
			containerPortal = 3458D95028BD065300C2EBF2 /* Project object */;
			proxyType = 1;
			remoteGlobalIDString = 3458D95728BD065300C2EBF2;
			remoteInfo = "Display A Number";
		};
		3458D97328BD065500C2EBF2 /* PBXContainerItemProxy */ = {
			isa = PBXContainerItemProxy;
			containerPortal = 3458D95028BD065300C2EBF2 /* Project object */;
			proxyType = 1;
			remoteGlobalIDString = 3458D95728BD065300C2EBF2;
			remoteInfo = "Display A Number";
		};
/* End PBXContainerItemProxy section */

/* Begin PBXFileReference section */
		3458D95828BD065300C2EBF2 /* Display A Number.app */ = {isa = PBXFileReference; explicitFileType = wrapper.application; includeInIndex = 0; path = "Display A Number.app"; sourceTree = BUILT_PRODUCTS_DIR; };
		3458D95B28BD065300C2EBF2 /* Display_A_NumberApp.swift */ = {isa = PBXFileReference; lastKnownFileType = sourcecode.swift; path = Display_A_NumberApp.swift; sourceTree = "<group>"; };
		3458D95D28BD065300C2EBF2 /* ContentView.swift */ = {isa = PBXFileReference; lastKnownFileType = sourcecode.swift; path = ContentView.swift; sourceTree = "<group>"; };
		3458D95F28BD065400C2EBF2 /* Assets.xcassets */ = {isa = PBXFileReference; lastKnownFileType = folder.assetcatalog; path = Assets.xcassets; sourceTree = "<group>"; };
		3458D96228BD065400C2EBF2 /* Preview Assets.xcassets */ = {isa = PBXFileReference; lastKnownFileType = folder.assetcatalog; path = "Preview Assets.xcassets"; sourceTree = "<group>"; };
		3458D96828BD065400C2EBF2 /* Display A NumberTests.xctest */ = {isa = PBXFileReference; explicitFileType = wrapper.cfbundle; includeInIndex = 0; path = "Display A NumberTests.xctest"; sourceTree = BUILT_PRODUCTS_DIR; };
		3458D96C28BD065400C2EBF2 /* Display_A_NumberTests.swift */ = {isa = PBXFileReference; lastKnownFileType = sourcecode.swift; path = Display_A_NumberTests.swift; sourceTree = "<group>"; };
		3458D97228BD065500C2EBF2 /* Display A NumberUITests.xctest */ = {isa = PBXFileReference; explicitFileType = wrapper.cfbundle; includeInIndex = 0; path = "Display A NumberUITests.xctest"; sourceTree = BUILT_PRODUCTS_DIR; };
		3458D97628BD065500C2EBF2 /* Display_A_NumberUITests.swift */ = {isa = PBXFileReference; lastKnownFileType = sourcecode.swift; path = Display_A_NumberUITests.swift; sourceTree = "<group>"; };
		3458D97828BD065500C2EBF2 /* Display_A_NumberUITestsLaunchTests.swift */ = {isa = PBXFileReference; lastKnownFileType = sourcecode.swift; path = Display_A_NumberUITestsLaunchTests.swift; sourceTree = "<group>"; };
/* End PBXFileReference section */

/* Begin PBXFrameworksBuildPhase section */
		3458D95528BD065300C2EBF2 /* Frameworks */ = {
			isa = PBXFrameworksBuildPhase;
			buildActionMask = 2147483647;
			files = (
			);
			runOnlyForDeploymentPostprocessing = 0;
		};
		3458D96528BD065400C2EBF2 /* Frameworks */ = {
			isa = PBXFrameworksBuildPhase;
			buildActionMask = 2147483647;
			files = (
			);
			runOnlyForDeploymentPostprocessing = 0;
		};
		3458D96F28BD065500C2EBF2 /* Frameworks */ = {
			isa = PBXFrameworksBuildPhase;
			buildActionMask = 2147483647;
			files = (
			);
			runOnlyForDeploymentPostprocessing = 0;
		};
/* End PBXFrameworksBuildPhase section */

/* Begin PBXGroup section */
		3458D94F28BD065300C2EBF2 = {
			isa = PBXGroup;
			children = (
				3458D95A28BD065300C2EBF2 /* Display A Number */,
				3458D96B28BD065400C2EBF2 /* Display A NumberTests */,
				3458D97528BD065500C2EBF2 /* Display A NumberUITests */,
				3458D95928BD065300C2EBF2 /* Products */,
			);
			sourceTree = "<group>";
		};
		3458D95928BD065300C2EBF2 /* Products */ = {
			isa = PBXGroup;
			children = (
				3458D95828BD065300C2EBF2 /* Display A Number.app */,
				3458D96828BD065400C2EBF2 /* Display A NumberTests.xctest */,
				3458D97228BD065500C2EBF2 /* Display A NumberUITests.xctest */,
			);
			name = Products;
			sourceTree = "<group>";
		};
		3458D95A28BD065300C2EBF2 /* Display A Number */ = {
			isa = PBXGroup;
			children = (
				3458D95B28BD065300C2EBF2 /* Display_A_NumberApp.swift */,
				3458D95D28BD065300C2EBF2 /* ContentView.swift */,
				3458D95F28BD065400C2EBF2 /* Assets.xcassets */,
				3458D96128BD065400C2EBF2 /* Preview Content */,
			);
			path = "Display A Number";
			sourceTree = "<group>";
		};
		3458D96128BD065400C2EBF2 /* Preview Content */ = {
			isa = PBXGroup;
			children = (
				3458D96228BD065400C2EBF2 /* Preview Assets.xcassets */,
			);
			path = "Preview Content";
			sourceTree = "<group>";
		};
		3458D96B28BD065400C2EBF2 /* Display A NumberTests */ = {
			isa = PBXGroup;
			children = (
				3458D96C28BD065400C2EBF2 /* Display_A_NumberTests.swift */,
			);
			path = "Display A NumberTests";
			sourceTree = "<group>";
		};
		3458D97528BD065500C2EBF2 /* Display A NumberUITests */ = {
			isa = PBXGroup;
			children = (
				3458D97628BD065500C2EBF2 /* Display_A_NumberUITests.swift */,
				3458D97828BD065500C2EBF2 /* Display_A_NumberUITestsLaunchTests.swift */,
			);
			path = "Display A NumberUITests";
			sourceTree = "<group>";
		};
/* End PBXGroup section */

/* Begin PBXNativeTarget section */
		3458D95728BD065300C2EBF2 /* Display A Number */ = {
			isa = PBXNativeTarget;
			buildConfigurationList = 3458D97C28BD065500C2EBF2 /* Build configuration list for PBXNativeTarget "Display A Number" */;
			buildPhases = (
				3458D95428BD065300C2EBF2 /* Sources */,
				3458D95528BD065300C2EBF2 /* Frameworks */,
				3458D95628BD065300C2EBF2 /* Resources */,
			);
			buildRules = (
			);
			dependencies = (
			);
			name = "Display A Number";
			productName = "Display A Number";
			productReference = 3458D95828BD065300C2EBF2 /* Display A Number.app */;
			productType = "com.apple.product-type.application";
		};
		3458D96728BD065400C2EBF2 /* Display A NumberTests */ = {
			isa = PBXNativeTarget;
			buildConfigurationList = 3458D97F28BD065500C2EBF2 /* Build configuration list for PBXNativeTarget "Display A NumberTests" */;
			buildPhases = (
				3458D96428BD065400C2EBF2 /* Sources */,
				3458D96528BD065400C2EBF2 /* Frameworks */,
				3458D96628BD065400C2EBF2 /* Resources */,
			);
			buildRules = (
			);
			dependencies = (
				3458D96A28BD065400C2EBF2 /* PBXTargetDependency */,
			);
			name = "Display A NumberTests";
			productName = "Display A NumberTests";
			productReference = 3458D96828BD065400C2EBF2 /* Display A NumberTests.xctest */;
			productType = "com.apple.product-type.bundle.unit-test";
		};
		3458D97128BD065500C2EBF2 /* Display A NumberUITests */ = {
			isa = PBXNativeTarget;
			buildConfigurationList = 3458D98228BD065500C2EBF2 /* Build configuration list for PBXNativeTarget "Display A NumberUITests" */;
			buildPhases = (
				3458D96E28BD065500C2EBF2 /* Sources */,
				3458D96F28BD065500C2EBF2 /* Frameworks */,
				3458D97028BD065500C2EBF2 /* Resources */,
			);
			buildRules = (
			);
			dependencies = (
				3458D97428BD065500C2EBF2 /* PBXTargetDependency */,
			);
			name = "Display A NumberUITests";
			productName = "Display A NumberUITests";
			productReference = 3458D97228BD065500C2EBF2 /* Display A NumberUITests.xctest */;
			productType = "com.apple.product-type.bundle.ui-testing";
		};
/* End PBXNativeTarget section */

/* Begin PBXProject section */
		3458D95028BD065300C2EBF2 /* Project object */ = {
			isa = PBXProject;
			attributes = {
				BuildIndependentTargetsInParallel = 1;
				LastSwiftUpdateCheck = 1340;
				LastUpgradeCheck = 1340;
				TargetAttributes = {
					3458D95728BD065300C2EBF2 = {
						CreatedOnToolsVersion = 13.4.1;
					};
					3458D96728BD065400C2EBF2 = {
						CreatedOnToolsVersion = 13.4.1;
						TestTargetID = 3458D95728BD065300C2EBF2;
					};
					3458D97128BD065500C2EBF2 = {
						CreatedOnToolsVersion = 13.4.1;
						TestTargetID = 3458D95728BD065300C2EBF2;
					};
				};
			};
			buildConfigurationList = 3458D95328BD065300C2EBF2 /* Build configuration list for PBXProject "Display A Number" */;
			compatibilityVersion = "Xcode 13.0";
			developmentRegion = en;
			hasScannedForEncodings = 0;
			knownRegions = (
				en,
				Base,
			);
			mainGroup = 3458D94F28BD065300C2EBF2;
			productRefGroup = 3458D95928BD065300C2EBF2 /* Products */;
			projectDirPath = "";
			projectRoot = "";
			targets = (
				3458D95728BD065300C2EBF2 /* Display A Number */,
				3458D96728BD065400C2EBF2 /* Display A NumberTests */,
				3458D97128BD065500C2EBF2 /* Display A NumberUITests */,
			);
		};
/* End PBXProject section */

/* Begin PBXResourcesBuildPhase section */
		3458D95628BD065300C2EBF2 /* Resources */ = {
			isa = PBXResourcesBuildPhase;
			buildActionMask = 2147483647;
			files = (
				3458D96328BD065400C2EBF2 /* Preview Assets.xcassets in Resources */,
				3458D96028BD065400C2EBF2 /* Assets.xcassets in Resources */,
			);
			runOnlyForDeploymentPostprocessing = 0;
		};
		3458D96628BD065400C2EBF2 /* Resources */ = {
			isa = PBXResourcesBuildPhase;
			buildActionMask = 2147483647;
			files = (
			);
			runOnlyForDeploymentPostprocessing = 0;
		};
		3458D97028BD065500C2EBF2 /* Resources */ = {
			isa = PBXResourcesBuildPhase;
			buildActionMask = 2147483647;
			files = (
			);
			runOnlyForDeploymentPostprocessing = 0;
		};
/* End PBXResourcesBuildPhase section */

/* Begin PBXSourcesBuildPhase section */
		3458D95428BD065300C2EBF2 /* Sources */ = {
			isa = PBXSourcesBuildPhase;
			buildActionMask = 2147483647;
			files = (
				3458D95E28BD065300C2EBF2 /* ContentView.swift in Sources */,
				3458D95C28BD065300C2EBF2 /* Display_A_NumberApp.swift in Sources */,
			);
			runOnlyForDeploymentPostprocessing = 0;
		};
		3458D96428BD065400C2EBF2 /* Sources */ = {
			isa = PBXSourcesBuildPhase;
			buildActionMask = 2147483647;
			files = (
				3458D96D28BD065500C2EBF2 /* Display_A_NumberTests.swift in Sources */,
			);
			runOnlyForDeploymentPostprocessing = 0;
		};
		3458D96E28BD065500C2EBF2 /* Sources */ = {
			isa = PBXSourcesBuildPhase;
			buildActionMask = 2147483647;
			files = (
				3458D97928BD065500C2EBF2 /* Display_A_NumberUITestsLaunchTests.swift in Sources */,
				3458D97728BD065500C2EBF2 /* Display_A_NumberUITests.swift in Sources */,
			);
			runOnlyForDeploymentPostprocessing = 0;
		};
/* End PBXSourcesBuildPhase section */

/* Begin PBXTargetDependency section */
		3458D96A28BD065400C2EBF2 /* PBXTargetDependency */ = {
			isa = PBXTargetDependency;
			target = 3458D95728BD065300C2EBF2 /* Display A Number */;
			targetProxy = 3458D96928BD065400C2EBF2 /* PBXContainerItemProxy */;
		};
		3458D97428BD065500C2EBF2 /* PBXTargetDependency */ = {
			isa = PBXTargetDependency;
			target = 3458D95728BD065300C2EBF2 /* Display A Number */;
			targetProxy = 3458D97328BD065500C2EBF2 /* PBXContainerItemProxy */;
		};
/* End PBXTargetDependency section */

/* Begin XCBuildConfiguration section */
		3458D97A28BD065500C2EBF2 /* Debug */ = {
			isa = XCBuildConfiguration;
			buildSettings = {
				ALWAYS_SEARCH_USER_PATHS = NO;
				CLANG_ANALYZER_NONNULL = YES;
				CLANG_ANALYZER_NUMBER_OBJECT_CONVERSION = YES_AGGRESSIVE;
				CLANG_CXX_LANGUAGE_STANDARD = "gnu++17";
				CLANG_ENABLE_MODULES = YES;
				CLANG_ENABLE_OBJC_ARC = YES;
				CLANG_ENABLE_OBJC_WEAK = YES;
				CLANG_WARN_BLOCK_CAPTURE_AUTORELEASING = YES;
				CLANG_WARN_BOOL_CONVERSION = YES;
				CLANG_WARN_COMMA = YES;
				CLANG_WARN_CONSTANT_CONVERSION = YES;
				CLANG_WARN_DEPRECATED_OBJC_IMPLEMENTATIONS = YES;
				CLANG_WARN_DIRECT_OBJC_ISA_USAGE = YES_ERROR;
				CLANG_WARN_DOCUMENTATION_COMMENTS = YES;
				CLANG_WARN_EMPTY_BODY = YES;
				CLANG_WARN_ENUM_CONVERSION = YES;
				CLANG_WARN_INFINITE_RECURSION = YES;
				CLANG_WARN_INT_CONVERSION = YES;
				CLANG_WARN_NON_LITERAL_NULL_CONVERSION = YES;
				CLANG_WARN_OBJC_IMPLICIT_RETAIN_SELF = YES;
				CLANG_WARN_OBJC_LITERAL_CONVERSION = YES;
				CLANG_WARN_OBJC_ROOT_CLASS = YES_ERROR;
				CLANG_WARN_QUOTED_INCLUDE_IN_FRAMEWORK_HEADER = YES;
				CLANG_WARN_RANGE_LOOP_ANALYSIS = YES;
				CLANG_WARN_STRICT_PROTOTYPES = YES;
				CLANG_WARN_SUSPICIOUS_MOVE = YES;
				CLANG_WARN_UNGUARDED_AVAILABILITY = YES_AGGRESSIVE;
				CLANG_WARN_UNREACHABLE_CODE = YES;
				CLANG_WARN__DUPLICATE_METHOD_MATCH = YES;
				COPY_PHASE_STRIP = NO;
				DEBUG_INFORMATION_FORMAT = dwarf;
				ENABLE_STRICT_OBJC_MSGSEND = YES;
				ENABLE_TESTABILITY = YES;
				GCC_C_LANGUAGE_STANDARD = gnu11;
				GCC_DYNAMIC_NO_PIC = NO;
				GCC_NO_COMMON_BLOCKS = YES;
				GCC_OPTIMIZATION_LEVEL = 0;
				GCC_PREPROCESSOR_DEFINITIONS = (
					"DEBUG=1",
					"$(inherited)",
				);
				GCC_WARN_64_TO_32_BIT_CONVERSION = YES;
				GCC_WARN_ABOUT_RETURN_TYPE = YES_ERROR;
				GCC_WARN_UNDECLARED_SELECTOR = YES;
				GCC_WARN_UNINITIALIZED_AUTOS = YES_AGGRESSIVE;
				GCC_WARN_UNUSED_FUNCTION = YES;
				GCC_WARN_UNUSED_VARIABLE = YES;
				IPHONEOS_DEPLOYMENT_TARGET = 15.5;
				MTL_ENABLE_DEBUG_INFO = INCLUDE_SOURCE;
				MTL_FAST_MATH = YES;
				ONLY_ACTIVE_ARCH = YES;
				SDKROOT = iphoneos;
				SWIFT_ACTIVE_COMPILATION_CONDITIONS = DEBUG;
				SWIFT_OPTIMIZATION_LEVEL = "-Onone";
			};
			name = Debug;
		};
		3458D97B28BD065500C2EBF2 /* Release */ = {
			isa = XCBuildConfiguration;
			buildSettings = {
				ALWAYS_SEARCH_USER_PATHS = NO;
				CLANG_ANALYZER_NONNULL = YES;
				CLANG_ANALYZER_NUMBER_OBJECT_CONVERSION = YES_AGGRESSIVE;
				CLANG_CXX_LANGUAGE_STANDARD = "gnu++17";
				CLANG_ENABLE_MODULES = YES;
				CLANG_ENABLE_OBJC_ARC = YES;
				CLANG_ENABLE_OBJC_WEAK = YES;
				CLANG_WARN_BLOCK_CAPTURE_AUTORELEASING = YES;
				CLANG_WARN_BOOL_CONVERSION = YES;
				CLANG_WARN_COMMA = YES;
				CLANG_WARN_CONSTANT_CONVERSION = YES;
				CLANG_WARN_DEPRECATED_OBJC_IMPLEMENTATIONS = YES;
				CLANG_WARN_DIRECT_OBJC_ISA_USAGE = YES_ERROR;
				CLANG_WARN_DOCUMENTATION_COMMENTS = YES;
				CLANG_WARN_EMPTY_BODY = YES;
				CLANG_WARN_ENUM_CONVERSION = YES;
				CLANG_WARN_INFINITE_RECURSION = YES;
				CLANG_WARN_INT_CONVERSION = YES;
				CLANG_WARN_NON_LITERAL_NULL_CONVERSION = YES;
				CLANG_WARN_OBJC_IMPLICIT_RETAIN_SELF = YES;
				CLANG_WARN_OBJC_LITERAL_CONVERSION = YES;
				CLANG_WARN_OBJC_ROOT_CLASS = YES_ERROR;
				CLANG_WARN_QUOTED_INCLUDE_IN_FRAMEWORK_HEADER = YES;
				CLANG_WARN_RANGE_LOOP_ANALYSIS = YES;
				CLANG_WARN_STRICT_PROTOTYPES = YES;
				CLANG_WARN_SUSPICIOUS_MOVE = YES;
				CLANG_WARN_UNGUARDED_AVAILABILITY = YES_AGGRESSIVE;
				CLANG_WARN_UNREACHABLE_CODE = YES;
				CLANG_WARN__DUPLICATE_METHOD_MATCH = YES;
				COPY_PHASE_STRIP = NO;
				DEBUG_INFORMATION_FORMAT = "dwarf-with-dsym";
				ENABLE_NS_ASSERTIONS = NO;
				ENABLE_STRICT_OBJC_MSGSEND = YES;
				GCC_C_LANGUAGE_STANDARD = gnu11;
				GCC_NO_COMMON_BLOCKS = YES;
				GCC_WARN_64_TO_32_BIT_CONVERSION = YES;
				GCC_WARN_ABOUT_RETURN_TYPE = YES_ERROR;
				GCC_WARN_UNDECLARED_SELECTOR = YES;
				GCC_WARN_UNINITIALIZED_AUTOS = YES_AGGRESSIVE;
				GCC_WARN_UNUSED_FUNCTION = YES;
				GCC_WARN_UNUSED_VARIABLE = YES;
				IPHONEOS_DEPLOYMENT_TARGET = 15.5;
				MTL_ENABLE_DEBUG_INFO = NO;
				MTL_FAST_MATH = YES;
				SDKROOT = iphoneos;
				SWIFT_COMPILATION_MODE = wholemodule;
				SWIFT_OPTIMIZATION_LEVEL = "-O";
				VALIDATE_PRODUCT = YES;
			};
			name = Release;
		};
		3458D97D28BD065500C2EBF2 /* Debug */ = {
			isa = XCBuildConfiguration;
			buildSettings = {
				ASSETCATALOG_COMPILER_APPICON_NAME = AppIcon;
				ASSETCATALOG_COMPILER_GLOBAL_ACCENT_COLOR_NAME = AccentColor;
				CODE_SIGN_STYLE = Automatic;
				CURRENT_PROJECT_VERSION = 1;
				DEVELOPMENT_ASSET_PATHS = "\"Display A Number/Preview Content\"";
				DEVELOPMENT_TEAM = JXBBWBBFGX;
				ENABLE_PREVIEWS = YES;
				GENERATE_INFOPLIST_FILE = YES;
				INFOPLIST_KEY_UIApplicationSceneManifest_Generation = YES;
				INFOPLIST_KEY_UIApplicationSupportsIndirectInputEvents = YES;
				INFOPLIST_KEY_UILaunchScreen_Generation = YES;
				INFOPLIST_KEY_UISupportedInterfaceOrientations_iPad = "UIInterfaceOrientationPortrait UIInterfaceOrientationPortraitUpsideDown UIInterfaceOrientationLandscapeLeft UIInterfaceOrientationLandscapeRight";
				INFOPLIST_KEY_UISupportedInterfaceOrientations_iPhone = "UIInterfaceOrientationPortrait UIInterfaceOrientationLandscapeLeft UIInterfaceOrientationLandscapeRight";
				LD_RUNPATH_SEARCH_PATHS = (
					"$(inherited)",
					"@executable_path/Frameworks",
				);
				MARKETING_VERSION = 1.0;
				PRODUCT_BUNDLE_IDENTIFIER = "BDickson.Display-A-Number";
				PRODUCT_NAME = "$(TARGET_NAME)";
				SWIFT_EMIT_LOC_STRINGS = YES;
				SWIFT_VERSION = 5.0;
				TARGETED_DEVICE_FAMILY = "1,2";
			};
			name = Debug;
		};
		3458D97E28BD065500C2EBF2 /* Release */ = {
			isa = XCBuildConfiguration;
			buildSettings = {
				ASSETCATALOG_COMPILER_APPICON_NAME = AppIcon;
				ASSETCATALOG_COMPILER_GLOBAL_ACCENT_COLOR_NAME = AccentColor;
				CODE_SIGN_STYLE = Automatic;
				CURRENT_PROJECT_VERSION = 1;
				DEVELOPMENT_ASSET_PATHS = "\"Display A Number/Preview Content\"";
				DEVELOPMENT_TEAM = JXBBWBBFGX;
				ENABLE_PREVIEWS = YES;
				GENERATE_INFOPLIST_FILE = YES;
				INFOPLIST_KEY_UIApplicationSceneManifest_Generation = YES;
				INFOPLIST_KEY_UIApplicationSupportsIndirectInputEvents = YES;
				INFOPLIST_KEY_UILaunchScreen_Generation = YES;
				INFOPLIST_KEY_UISupportedInterfaceOrientations_iPad = "UIInterfaceOrientationPortrait UIInterfaceOrientationPortraitUpsideDown UIInterfaceOrientationLandscapeLeft UIInterfaceOrientationLandscapeRight";
				INFOPLIST_KEY_UISupportedInterfaceOrientations_iPhone = "UIInterfaceOrientationPortrait UIInterfaceOrientationLandscapeLeft UIInterfaceOrientationLandscapeRight";
				LD_RUNPATH_SEARCH_PATHS = (
					"$(inherited)",
					"@executable_path/Frameworks",
				);
				MARKETING_VERSION = 1.0;
				PRODUCT_BUNDLE_IDENTIFIER = "BDickson.Display-A-Number";
				PRODUCT_NAME = "$(TARGET_NAME)";
				SWIFT_EMIT_LOC_STRINGS = YES;
				SWIFT_VERSION = 5.0;
				TARGETED_DEVICE_FAMILY = "1,2";
			};
			name = Release;
		};
		3458D98028BD065500C2EBF2 /* Debug */ = {
			isa = XCBuildConfiguration;
			buildSettings = {
				ALWAYS_EMBED_SWIFT_STANDARD_LIBRARIES = YES;
				BUNDLE_LOADER = "$(TEST_HOST)";
				CODE_SIGN_STYLE = Automatic;
				CURRENT_PROJECT_VERSION = 1;
				DEVELOPMENT_TEAM = JXBBWBBFGX;
				GENERATE_INFOPLIST_FILE = YES;
				IPHONEOS_DEPLOYMENT_TARGET = 15.5;
				MARKETING_VERSION = 1.0;
				PRODUCT_BUNDLE_IDENTIFIER = "BDickson.Display-A-NumberTests";
				PRODUCT_NAME = "$(TARGET_NAME)";
				SWIFT_EMIT_LOC_STRINGS = NO;
				SWIFT_VERSION = 5.0;
				TARGETED_DEVICE_FAMILY = "1,2";
				TEST_HOST = "$(BUILT_PRODUCTS_DIR)/Display A Number.app/Display A Number";
			};
			name = Debug;
		};
		3458D98128BD065500C2EBF2 /* Release */ = {
			isa = XCBuildConfiguration;
			buildSettings = {
				ALWAYS_EMBED_SWIFT_STANDARD_LIBRARIES = YES;
				BUNDLE_LOADER = "$(TEST_HOST)";
				CODE_SIGN_STYLE = Automatic;
				CURRENT_PROJECT_VERSION = 1;
				DEVELOPMENT_TEAM = JXBBWBBFGX;
				GENERATE_INFOPLIST_FILE = YES;
				IPHONEOS_DEPLOYMENT_TARGET = 15.5;
				MARKETING_VERSION = 1.0;
				PRODUCT_BUNDLE_IDENTIFIER = "BDickson.Display-A-NumberTests";
				PRODUCT_NAME = "$(TARGET_NAME)";
				SWIFT_EMIT_LOC_STRINGS = NO;
				SWIFT_VERSION = 5.0;
				TARGETED_DEVICE_FAMILY = "1,2";
				TEST_HOST = "$(BUILT_PRODUCTS_DIR)/Display A Number.app/Display A Number";
			};
			name = Release;
		};
		3458D98328BD065500C2EBF2 /* Debug */ = {
			isa = XCBuildConfiguration;
			buildSettings = {
				ALWAYS_EMBED_SWIFT_STANDARD_LIBRARIES = YES;
				CODE_SIGN_STYLE = Automatic;
				CURRENT_PROJECT_VERSION = 1;
				DEVELOPMENT_TEAM = JXBBWBBFGX;
				GENERATE_INFOPLIST_FILE = YES;
				MARKETING_VERSION = 1.0;
				PRODUCT_BUNDLE_IDENTIFIER = "BDickson.Display-A-NumberUITests";
				PRODUCT_NAME = "$(TARGET_NAME)";
				SWIFT_EMIT_LOC_STRINGS = NO;
				SWIFT_VERSION = 5.0;
				TARGETED_DEVICE_FAMILY = "1,2";
				TEST_TARGET_NAME = "Display A Number";
			};
			name = Debug;
		};
		3458D98428BD065500C2EBF2 /* Release */ = {
			isa = XCBuildConfiguration;
			buildSettings = {
				ALWAYS_EMBED_SWIFT_STANDARD_LIBRARIES = YES;
				CODE_SIGN_STYLE = Automatic;
				CURRENT_PROJECT_VERSION = 1;
				DEVELOPMENT_TEAM = JXBBWBBFGX;
				GENERATE_INFOPLIST_FILE = YES;
				MARKETING_VERSION = 1.0;
				PRODUCT_BUNDLE_IDENTIFIER = "BDickson.Display-A-NumberUITests";
				PRODUCT_NAME = "$(TARGET_NAME)";
				SWIFT_EMIT_LOC_STRINGS = NO;
				SWIFT_VERSION = 5.0;
				TARGETED_DEVICE_FAMILY = "1,2";
				TEST_TARGET_NAME = "Display A Number";
			};
			name = Release;
		};
/* End XCBuildConfiguration section */

/* Begin XCConfigurationList section */
		3458D95328BD065300C2EBF2 /* Build configuration list for PBXProject "Display A Number" */ = {
			isa = XCConfigurationList;
			buildConfigurations = (
				3458D97A28BD065500C2EBF2 /* Debug */,
				3458D97B28BD065500C2EBF2 /* Release */,
			);
			defaultConfigurationIsVisible = 0;
			defaultConfigurationName = Release;
		};
		3458D97C28BD065500C2EBF2 /* Build configuration list for PBXNativeTarget "Display A Number" */ = {
			isa = XCConfigurationList;
			buildConfigurations = (
				3458D97D28BD065500C2EBF2 /* Debug */,
				3458D97E28BD065500C2EBF2 /* Release */,
			);
			defaultConfigurationIsVisible = 0;
			defaultConfigurationName = Release;
		};
		3458D97F28BD065500C2EBF2 /* Build configuration list for PBXNativeTarget "Display A NumberTests" */ = {
			isa = XCConfigurationList;
			buildConfigurations = (
				3458D98028BD065500C2EBF2 /* Debug */,
				3458D98128BD065500C2EBF2 /* Release */,
			);
			defaultConfigurationIsVisible = 0;
			defaultConfigurationName = Release;
		};
		3458D98228BD065500C2EBF2 /* Build configuration list for PBXNativeTarget "Display A NumberUITests" */ = {
			isa = XCConfigurationList;
			buildConfigurations = (
				3458D98328BD065500C2EBF2 /* Debug */,
				3458D98428BD065500C2EBF2 /* Release */,
			);
			defaultConfigurationIsVisible = 0;
			defaultConfigurationName = Release;
		};
/* End XCConfigurationList section */
	};
	rootObject = 3458D95028BD065300C2EBF2 /* Project object */;
}
